
Microsoft Visual Studio Solution File, Format Version 12.00
# Visual Studio 15
VisualStudioVersion = 15.0.28010.2046
MinimumVisualStudioVersion = 10.0.40219.1
Project("{FAE04EC0-301F-11D3-BF4B-00C04F79EFBC}") = "ImobileOnline.Web", "ImobileOnline.Web\ImobileOnline.Web.csproj", "{03D3379A-A016-4274-BA0B-B525655FA66E}"
EndProject
Global
	GlobalSection(SolutionConfigurationPlatforms) = preSolution
		Debug|Any CPU = Debug|Any CPU
		Release|Any CPU = Release|Any CPU
	EndGlobalSection
	GlobalSection(ProjectConfigurationPlatforms) = postSolution
		{03D3379A-A016-4274-BA0B-B525655FA66E}.Debug|Any CPU.ActiveCfg = Debug|Any CPU
		{03D3379A-A016-4274-BA0B-B525655FA66E}.Debug|Any CPU.Build.0 = Debug|Any CPU
		{03D3379A-A016-4274-BA0B-B525655FA66E}.Release|Any CPU.ActiveCfg = Release|Any CPU
		{03D3379A-A016-4274-BA0B-B525655FA66E}.Release|Any CPU.Build.0 = Release|Any CPU
	EndGlobalSection
	GlobalSection(SolutionProperties) = preSolution
		HideSolutionNode = FALSE
	EndGlobalSection
	GlobalSection(ExtensibilityGlobals) = postSolution
		SolutionGuid = {F707C317-8D1C-46F6-917B-73EA4CF31CB8}
	EndGlobalSection
EndGlobal
